{
  "name": "le-skills",
  "version": "1.0.0",
  "lockfileVersion": 3,
  "requires": true,
  "packages": {
    "": {
      "name": "le-skills",
      "version": "1.0.0",
      "license": "MIT",
      "bin": {
        "le-skills": "bin/le-skills.js"
      },
      "engines": {
        "node": ">=18"
      }
    }
  }
}
